
Microsoft Visual Studio Solution File, Format Version 12.00
# Visual Studio 15
VisualStudioVersion = 15.0.28307.421
MinimumVisualStudioVersion = 10.0.40219.1
Project("{FAE04EC0-301F-11D3-BF4B-00C04F79EFBC}") = "Akka-demo", "Akka-demo\Akka-demo.csproj", "{5FF4ABCB-95A4-4DB2-B3E4-FCAB681DE858}"
EndProject
Global
	GlobalSection(SolutionConfigurationPlatforms) = preSolution
		Debug|Any CPU = Debug|Any CPU
		Release|Any CPU = Release|Any CPU
	EndGlobalSection
	GlobalSection(ProjectConfigurationPlatforms) = postSolution
		{5FF4ABCB-95A4-4DB2-B3E4-FCAB681DE858}.Debug|Any CPU.ActiveCfg = Debug|Any CPU
		{5FF4ABCB-95A4-4DB2-B3E4-FCAB681DE858}.Debug|Any CPU.Build.0 = Debug|Any CPU
		{5FF4ABCB-95A4-4DB2-B3E4-FCAB681DE858}.Release|Any CPU.ActiveCfg = Release|Any CPU
		{5FF4ABCB-95A4-4DB2-B3E4-FCAB681DE858}.Release|Any CPU.Build.0 = Release|Any CPU
	EndGlobalSection
	GlobalSection(SolutionProperties) = preSolution
		HideSolutionNode = FALSE
	EndGlobalSection
	GlobalSection(ExtensibilityGlobals) = postSolution
		SolutionGuid = {5BBCB248-511E-44AC-B442-AE7C27E56538}
	EndGlobalSection
EndGlobal
